
Microsoft Visual Studio Solution File, Format Version 12.00
# Visual Studio Version 16
VisualStudioVersion = 16.0.29728.190
MinimumVisualStudioVersion = 10.0.40219.1
Project("{FAE04EC0-301F-11D3-BF4B-00C04F79EFBC}") = "StockingController", "StockingController\StockingController.csproj", "{D6645443-F33A-45B2-B789-EF7891236F5D}"
EndProject
Project("{FAE04EC0-301F-11D3-BF4B-00C04F79EFBC}") = "StockingController.App", "StockingController.App\StockingController.App.csproj", "{AD6AE5CC-495D-4976-A8F5-5A9FC193A6CA}"
EndProject
Global
	GlobalSection(SolutionConfigurationPlatforms) = preSolution
		Debug|Any CPU = Debug|Any CPU
		Release|Any CPU = Release|Any CPU
	EndGlobalSection
	GlobalSection(ProjectConfigurationPlatforms) = postSolution
		{D6645443-F33A-45B2-B789-EF7891236F5D}.Debug|Any CPU.ActiveCfg = Debug|Any CPU
		{D6645443-F33A-45B2-B789-EF7891236F5D}.Debug|Any CPU.Build.0 = Debug|Any CPU
		{D6645443-F33A-45B2-B789-EF7891236F5D}.Release|Any CPU.ActiveCfg = Release|Any CPU
		{D6645443-F33A-45B2-B789-EF7891236F5D}.Release|Any CPU.Build.0 = Release|Any CPU
		{AD6AE5CC-495D-4976-A8F5-5A9FC193A6CA}.Debug|Any CPU.ActiveCfg = Debug|Any CPU
		{AD6AE5CC-495D-4976-A8F5-5A9FC193A6CA}.Debug|Any CPU.Build.0 = Debug|Any CPU
		{AD6AE5CC-495D-4976-A8F5-5A9FC193A6CA}.Release|Any CPU.ActiveCfg = Release|Any CPU
		{AD6AE5CC-495D-4976-A8F5-5A9FC193A6CA}.Release|Any CPU.Build.0 = Release|Any CPU
	EndGlobalSection
	GlobalSection(SolutionProperties) = preSolution
		HideSolutionNode = FALSE
	EndGlobalSection
	GlobalSection(ExtensibilityGlobals) = postSolution
		SolutionGuid = {34E80285-EE83-48B6-A337-FB92C00F4F1E}
	EndGlobalSection
EndGlobal
